// !$*UTF8*$!
{
	archiveVersion = 1;
	classes = {
	};
	objectVersion = 46;
	objects = {

/* Begin PBXBuildFile section */
		C371C63F1AFEEBD7008FA88C /* main.m in Sources */ = {isa = PBXBuildFile; fileRef = C371C63E1AFEEBD7008FA88C /* main.m */; };
		C371C6421AFEEBD7008FA88C /* AppDelegate.m in Sources */ = {isa = PBXBuildFile; fileRef = C371C6411AFEEBD7008FA88C /* AppDelegate.m */; };
		C371C6451AFEEBD7008FA88C /* ViewController.m in Sources */ = {isa = PBXBuildFile; fileRef = C371C6441AFEEBD7008FA88C /* ViewController.m */; };
		C371C6481AFEEBD7008FA88C /* Main.storyboard in Resources */ = {isa = PBXBuildFile; fileRef = C371C6461AFEEBD7008FA88C /* Main.storyboard */; };
		C371C64A1AFEEBD7008FA88C /* Images.xcassets in Resources */ = {isa = PBXBuildFile; fileRef = C371C6491AFEEBD7008FA88C /* Images.xcassets */; };
		C371C64D1AFEEBD7008FA88C /* LaunchScreen.xib in Resources */ = {isa = PBXBuildFile; fileRef = C371C64B1AFEEBD7008FA88C /* LaunchScreen.xib */; };
		C371C6591AFEEBD7008FA88C /* MuscleTrackTests.m in Sources */ = {isa = PBXBuildFile; fileRef = C371C6581AFEEBD7008FA88C /* MuscleTrackTests.m */; };
/* End PBXBuildFile section */

/* Begin PBXContainerItemProxy section */
		C371C6531AFEEBD7008FA88C /* PBXContainerItemProxy */ = {
			isa = PBXContainerItemProxy;
			containerPortal = C371C6311AFEEBD6008FA88C /* Project object */;
			proxyType = 1;
			remoteGlobalIDString = C371C6381AFEEBD6008FA88C;
			remoteInfo = MuscleTrack;
		};
/* End PBXContainerItemProxy section */

/* Begin PBXFileReference section */
		C371C6391AFEEBD7008FA88C /* MuscleTrack.app */ = {isa = PBXFileReference; explicitFileType = wrapper.application; includeInIndex = 0; path = MuscleTrack.app; sourceTree = BUILT_PRODUCTS_DIR; };
		C371C63D1AFEEBD7008FA88C /* Info.plist */ = {isa = PBXFileReference; lastKnownFileType = text.plist.xml; path = Info.plist; sourceTree = "<group>"; };
		C371C63E1AFEEBD7008FA88C /* main.m */ = {isa = PBXFileReference; lastKnownFileType = sourcecode.c.objc; path = main.m; sourceTree = "<group>"; };
		C371C6401AFEEBD7008FA88C /* AppDelegate.h */ = {isa = PBXFileReference; lastKnownFileType = sourcecode.c.h; path = AppDelegate.h; sourceTree = "<group>"; };
		C371C6411AFEEBD7008FA88C /* AppDelegate.m */ = {isa = PBXFileReference; lastKnownFileType = sourcecode.c.objc; path = AppDelegate.m; sourceTree = "<group>"; };
		C371C6431AFEEBD7008FA88C /* ViewController.h */ = {isa = PBXFileReference; lastKnownFileType = sourcecode.c.h; path = ViewController.h; sourceTree = "<group>"; };
		C371C6441AFEEBD7008FA88C /* ViewController.m */ = {isa = PBXFileReference; lastKnownFileType = sourcecode.c.objc; path = ViewController.m; sourceTree = "<group>"; };
		C371C6471AFEEBD7008FA88C /* Base */ = {isa = PBXFileReference; lastKnownFileType = file.storyboard; name = Base; path = Base.lproj/Main.storyboard; sourceTree = "<group>"; };
		C371C6491AFEEBD7008FA88C /* Images.xcassets */ = {isa = PBXFileReference; lastKnownFileType = folder.assetcatalog; path = Images.xcassets; sourceTree = "<group>"; };
		C371C64C1AFEEBD7008FA88C /* Base */ = {isa = PBXFileReference; lastKnownFileType = file.xib; name = Base; path = Base.lproj/LaunchScreen.xib; sourceTree = "<group>"; };
		C371C6521AFEEBD7008FA88C /* MuscleTrackTests.xctest */ = {isa = PBXFileReference; explicitFileType = wrapper.cfbundle; includeInIndex = 0; path = MuscleTrackTests.xctest; sourceTree = BUILT_PRODUCTS_DIR; };
		C371C6571AFEEBD7008FA88C /* Info.plist */ = {isa = PBXFileReference; lastKnownFileType = text.plist.xml; path = Info.plist; sourceTree = "<group>"; };
		C371C6581AFEEBD7008FA88C /* MuscleTrackTests.m */ = {isa = PBXFileReference; lastKnownFileType = sourcecode.c.objc; path = MuscleTrackTests.m; sourceTree = "<group>"; };
/* End PBXFileReference section */

/* Begin PBXFrameworksBuildPhase section */
		C371C6361AFEEBD6008FA88C /* Frameworks */ = {
			isa = PBXFrameworksBuildPhase;
			buildActionMask = 2147483647;
			files = (
			);
			runOnlyForDeploymentPostprocessing = 0;
		};
		C371C64F1AFEEBD7008FA88C /* Frameworks */ = {
			isa = PBXFrameworksBuildPhase;
			buildActionMask = 2147483647;
			files = (
			);
			runOnlyForDeploymentPostprocessing = 0;
		};
/* End PBXFrameworksBuildPhase section */

/* Begin PBXGroup section */
		C371C6301AFEEBD6008FA88C = {
			isa = PBXGroup;
			children = (
				C371C63B1AFEEBD7008FA88C /* MuscleTrack */,
				C371C6551AFEEBD7008FA88C /* MuscleTrackTests */,
				C371C63A1AFEEBD7008FA88C /* Products */,
			);
			sourceTree = "<group>";
		};
		C371C63A1AFEEBD7008FA88C /* Products */ = {
			isa = PBXGroup;
			children = (
				C371C6391AFEEBD7008FA88C /* MuscleTrack.app */,
				C371C6521AFEEBD7008FA88C /* MuscleTrackTests.xctest */,
			);
			name = Products;
			sourceTree = "<group>";
		};
		C371C63B1AFEEBD7008FA88C /* MuscleTrack */ = {
			isa = PBXGroup;
			children = (
				C371C6401AFEEBD7008FA88C /* AppDelegate.h */,
				C371C6411AFEEBD7008FA88C /* AppDelegate.m */,
				C371C6431AFEEBD7008FA88C /* ViewController.h */,
				C371C6441AFEEBD7008FA88C /* ViewController.m */,
				C371C6461AFEEBD7008FA88C /* Main.storyboard */,
				C371C6491AFEEBD7008FA88C /* Images.xcassets */,
				C371C64B1AFEEBD7008FA88C /* LaunchScreen.xib */,
				C371C63C1AFEEBD7008FA88C /* Supporting Files */,
			);
			path = MuscleTrack;
			sourceTree = "<group>";
		};
		C371C63C1AFEEBD7008FA88C /* Supporting Files */ = {
			isa = PBXGroup;
			children = (
				C371C63D1AFEEBD7008FA88C /* Info.plist */,
				C371C63E1AFEEBD7008FA88C /* main.m */,
			);
			name = "Supporting Files";
			sourceTree = "<group>";
		};
		C371C6551AFEEBD7008FA88C /* MuscleTrackTests */ = {
			isa = PBXGroup;
			children = (
				C371C6581AFEEBD7008FA88C /* MuscleTrackTests.m */,
				C371C6561AFEEBD7008FA88C /* Supporting Files */,
			);
			path = MuscleTrackTests;
			sourceTree = "<group>";
		};
		C371C6561AFEEBD7008FA88C /* Supporting Files */ = {
			isa = PBXGroup;
			children = (
				C371C6571AFEEBD7008FA88C /* Info.plist */,
			);
			name = "Supporting Files";
			sourceTree = "<group>";
		};
/* End PBXGroup section */

/* Begin PBXNativeTarget section */
		C371C6381AFEEBD6008FA88C /* MuscleTrack */ = {
			isa = PBXNativeTarget;
			buildConfigurationList = C371C65C1AFEEBD7008FA88C /* Build configuration list for PBXNativeTarget "MuscleTrack" */;
			buildPhases = (
				C371C6351AFEEBD6008FA88C /* Sources */,
				C371C6361AFEEBD6008FA88C /* Frameworks */,
				C371C6371AFEEBD6008FA88C /* Resources */,
			);
			buildRules = (
			);
			dependencies = (
			);
			name = MuscleTrack;
			productName = MuscleTrack;
			productReference = C371C6391AFEEBD7008FA88C /* MuscleTrack.app */;
			productType = "com.apple.product-type.application";
		};
		C371C6511AFEEBD7008FA88C /* MuscleTrackTests */ = {
			isa = PBXNativeTarget;
			buildConfigurationList = C371C65F1AFEEBD7008FA88C /* Build configuration list for PBXNativeTarget "MuscleTrackTests" */;
			buildPhases = (
				C371C64E1AFEEBD7008FA88C /* Sources */,
				C371C64F1AFEEBD7008FA88C /* Frameworks */,
				C371C6501AFEEBD7008FA88C /* Resources */,
			);
			buildRules = (
			);
			dependencies = (
				C371C6541AFEEBD7008FA88C /* PBXTargetDependency */,
			);
			name = MuscleTrackTests;
			productName = MuscleTrackTests;
			productReference = C371C6521AFEEBD7008FA88C /* MuscleTrackTests.xctest */;
			productType = "com.apple.product-type.bundle.unit-test";
		};
/* End PBXNativeTarget section */

/* Begin PBXProject section */
		C371C6311AFEEBD6008FA88C /* Project object */ = {
			isa = PBXProject;
			attributes = {
				LastUpgradeCheck = 0630;
				ORGANIZATIONNAME = MuscleTrack;
				TargetAttributes = {
					C371C6381AFEEBD6008FA88C = {
						CreatedOnToolsVersion = 6.3.1;
					};
					C371C6511AFEEBD7008FA88C = {
						CreatedOnToolsVersion = 6.3.1;
						TestTargetID = C371C6381AFEEBD6008FA88C;
					};
				};
			};
			buildConfigurationList = C371C6341AFEEBD6008FA88C /* Build configuration list for PBXProject "MuscleTrack" */;
			compatibilityVersion = "Xcode 3.2";
			developmentRegion = English;
			hasScannedForEncodings = 0;
			knownRegions = (
				en,
				Base,
			);
			mainGroup = C371C6301AFEEBD6008FA88C;
			productRefGroup = C371C63A1AFEEBD7008FA88C /* Products */;
			projectDirPath = "";
			projectRoot = "";
			targets = (
				C371C6381AFEEBD6008FA88C /* MuscleTrack */,
				C371C6511AFEEBD7008FA88C /* MuscleTrackTests */,
			);
		};
/* End PBXProject section */

/* Begin PBXResourcesBuildPhase section */
		C371C6371AFEEBD6008FA88C /* Resources */ = {
			isa = PBXResourcesBuildPhase;
			buildActionMask = 2147483647;
			files = (
				C371C6481AFEEBD7008FA88C /* Main.storyboard in Resources */,
				C371C64D1AFEEBD7008FA88C /* LaunchScreen.xib in Resources */,
				C371C64A1AFEEBD7008FA88C /* Images.xcassets in Resources */,
			);
			runOnlyForDeploymentPostprocessing = 0;
		};
		C371C6501AFEEBD7008FA88C /* Resources */ = {
			isa = PBXResourcesBuildPhase;
			buildActionMask = 2147483647;
			files = (
			);
			runOnlyForDeploymentPostprocessing = 0;
		};
/* End PBXResourcesBuildPhase section */

/* Begin PBXSourcesBuildPhase section */
		C371C6351AFEEBD6008FA88C /* Sources */ = {
			isa = PBXSourcesBuildPhase;
			buildActionMask = 2147483647;
			files = (
				C371C6451AFEEBD7008FA88C /* ViewController.m in Sources */,
				C371C6421AFEEBD7008FA88C /* AppDelegate.m in Sources */,
				C371C63F1AFEEBD7008FA88C /* main.m in Sources */,
			);
			runOnlyForDeploymentPostprocessing = 0;
		};
		C371C64E1AFEEBD7008FA88C /* Sources */ = {
			isa = PBXSourcesBuildPhase;
			buildActionMask = 2147483647;
			files = (
				C371C6591AFEEBD7008FA88C /* MuscleTrackTests.m in Sources */,
			);
			runOnlyForDeploymentPostprocessing = 0;
		};
/* End PBXSourcesBuildPhase section */

/* Begin PBXTargetDependency section */
		C371C6541AFEEBD7008FA88C /* PBXTargetDependency */ = {
			isa = PBXTargetDependency;
			target = C371C6381AFEEBD6008FA88C /* MuscleTrack */;
			targetProxy = C371C6531AFEEBD7008FA88C /* PBXContainerItemProxy */;
		};
/* End PBXTargetDependency section */

/* Begin PBXVariantGroup section */
		C371C6461AFEEBD7008FA88C /* Main.storyboard */ = {
			isa = PBXVariantGroup;
			children = (
				C371C6471AFEEBD7008FA88C /* Base */,
			);
			name = Main.storyboard;
			sourceTree = "<group>";
		};
		C371C64B1AFEEBD7008FA88C /* LaunchScreen.xib */ = {
			isa = PBXVariantGroup;
			children = (
				C371C64C1AFEEBD7008FA88C /* Base */,
			);
			name = LaunchScreen.xib;
			sourceTree = "<group>";
		};
/* End PBXVariantGroup section */

/* Begin XCBuildConfiguration section */
		C371C65A1AFEEBD7008FA88C /* Debug */ = {
			isa = XCBuildConfiguration;
			buildSettings = {
				ALWAYS_SEARCH_USER_PATHS = NO;
				CLANG_CXX_LANGUAGE_STANDARD = "gnu++0x";
				CLANG_CXX_LIBRARY = "libc++";
				CLANG_ENABLE_MODULES = YES;
				CLANG_ENABLE_OBJC_ARC = YES;
				CLANG_WARN_BOOL_CONVERSION = YES;
				CLANG_WARN_CONSTANT_CONVERSION = YES;
				CLANG_WARN_DIRECT_OBJC_ISA_USAGE = YES_ERROR;
				CLANG_WARN_EMPTY_BODY = YES;
				CLANG_WARN_ENUM_CONVERSION = YES;
				CLANG_WARN_INT_CONVERSION = YES;
				CLANG_WARN_OBJC_ROOT_CLASS = YES_ERROR;
				CLANG_WARN_UNREACHABLE_CODE = YES;
				CLANG_WARN__DUPLICATE_METHOD_MATCH = YES;
				"CODE_SIGN_IDENTITY[sdk=iphoneos*]" = "iPhone Developer";
				COPY_PHASE_STRIP = NO;
				DEBUG_INFORMATION_FORMAT = "dwarf-with-dsym";
				ENABLE_STRICT_OBJC_MSGSEND = YES;
				GCC_C_LANGUAGE_STANDARD = gnu99;
				GCC_DYNAMIC_NO_PIC = NO;
				GCC_NO_COMMON_BLOCKS = YES;
				GCC_OPTIMIZATION_LEVEL = 0;
				GCC_PREPROCESSOR_DEFINITIONS = (
					"DEBUG=1",
					"$(inherited)",
				);
				GCC_SYMBOLS_PRIVATE_EXTERN = NO;
				GCC_WARN_64_TO_32_BIT_CONVERSION = YES;
				GCC_WARN_ABOUT_RETURN_TYPE = YES_ERROR;
				GCC_WARN_UNDECLARED_SELECTOR = YES;
				GCC_WARN_UNINITIALIZED_AUTOS = YES_AGGRESSIVE;
				GCC_WARN_UNUSED_FUNCTION = YES;
				GCC_WARN_UNUSED_VARIABLE = YES;
				IPHONEOS_DEPLOYMENT_TARGET = 8.3;
				MTL_ENABLE_DEBUG_INFO = YES;
				ONLY_ACTIVE_ARCH = YES;
				SDKROOT = iphoneos;
				TARGETED_DEVICE_FAMILY = "1,2";
			};
			name = Debug;
		};
		C371C65B1AFEEBD7008FA88C /* Release */ = {
			isa = XCBuildConfiguration;
			buildSettings = {
				ALWAYS_SEARCH_USER_PATHS = NO;
				CLANG_CXX_LANGUAGE_STANDARD = "gnu++0x";
				CLANG_CXX_LIBRARY = "libc++";
				CLANG_ENABLE_MODULES = YES;
				CLANG_ENABLE_OBJC_ARC = YES;
				CLANG_WARN_BOOL_CONVERSION = YES;
				CLANG_WARN_CONSTANT_CONVERSION = YES;
				CLANG_WARN_DIRECT_OBJC_ISA_USAGE = YES_ERROR;
				CLANG_WARN_EMPTY_BODY = YES;
				CLANG_WARN_ENUM_CONVERSION = YES;
				CLANG_WARN_INT_CONVERSION = YES;
				CLANG_WARN_OBJC_ROOT_CLASS = YES_ERROR;
				CLANG_WARN_UNREACHABLE_CODE = YES;
				CLANG_WARN__DUPLICATE_METHOD_MATCH = YES;
				"CODE_SIGN_IDENTITY[sdk=iphoneos*]" = "iPhone Developer";
				COPY_PHASE_STRIP = NO;
				DEBUG_INFORMATION_FORMAT = "dwarf-with-dsym";
				ENABLE_NS_ASSERTIONS = NO;
				ENABLE_STRICT_OBJC_MSGSEND = YES;
				GCC_C_LANGUAGE_STANDARD = gnu99;
				GCC_NO_COMMON_BLOCKS = YES;
				GCC_WARN_64_TO_32_BIT_CONVERSION = YES;
				GCC_WARN_ABOUT_RETURN_TYPE = YES_ERROR;
				GCC_WARN_UNDECLARED_SELECTOR = YES;
				GCC_WARN_UNINITIALIZED_AUTOS = YES_AGGRESSIVE;
				GCC_WARN_UNUSED_FUNCTION = YES;
				GCC_WARN_UNUSED_VARIABLE = YES;
				IPHONEOS_DEPLOYMENT_TARGET = 8.3;
				MTL_ENABLE_DEBUG_INFO = NO;
				SDKROOT = iphoneos;
				TARGETED_DEVICE_FAMILY = "1,2";
				VALIDATE_PRODUCT = YES;
			};
			name = Release;
		};
		C371C65D1AFEEBD7008FA88C /* Debug */ = {
			isa = XCBuildConfiguration;
			buildSettings = {
				ASSETCATALOG_COMPILER_APPICON_NAME = AppIcon;
				INFOPLIST_FILE = MuscleTrack/Info.plist;
				LD_RUNPATH_SEARCH_PATHS = "$(inherited) @executable_path/Frameworks";
				PRODUCT_NAME = "$(TARGET_NAME)";
			};
			name = Debug;
		};
		C371C65E1AFEEBD7008FA88C /* Release */ = {
			isa = XCBuildConfiguration;
			buildSettings = {
				ASSETCATALOG_COMPILER_APPICON_NAME = AppIcon;
				INFOPLIST_FILE = MuscleTrack/Info.plist;
				LD_RUNPATH_SEARCH_PATHS = "$(inherited) @executable_path/Frameworks";
				PRODUCT_NAME = "$(TARGET_NAME)";
			};
			name = Release;
		};
		C371C6601AFEEBD7008FA88C /* Debug */ = {
			isa = XCBuildConfiguration;
			buildSettings = {
				BUNDLE_LOADER = "$(TEST_HOST)";
				FRAMEWORK_SEARCH_PATHS = (
					"$(SDKROOT)/Developer/Library/Frameworks",
					"$(inherited)",
				);
				GCC_PREPROCESSOR_DEFINITIONS = (
					"DEBUG=1",
					"$(inherited)",
				);
				INFOPLIST_FILE = MuscleTrackTests/Info.plist;
				LD_RUNPATH_SEARCH_PATHS = "$(inherited) @executable_path/Frameworks @loader_path/Frameworks";
				PRODUCT_NAME = "$(TARGET_NAME)";
				TEST_HOST = "$(BUILT_PRODUCTS_DIR)/MuscleTrack.app/MuscleTrack";
			};
			name = Debug;
		};
		C371C6611AFEEBD7008FA88C /* Release */ = {
			isa = XCBuildConfiguration;
			buildSettings = {
				BUNDLE_LOADER = "$(TEST_HOST)";
				FRAMEWORK_SEARCH_PATHS = (
					"$(SDKROOT)/Developer/Library/Frameworks",
					"$(inherited)",
				);
				INFOPLIST_FILE = MuscleTrackTests/Info.plist;
				LD_RUNPATH_SEARCH_PATHS = "$(inherited) @executable_path/Frameworks @loader_path/Frameworks";
				PRODUCT_NAME = "$(TARGET_NAME)";
				TEST_HOST = "$(BUILT_PRODUCTS_DIR)/MuscleTrack.app/MuscleTrack";
			};
			name = Release;
		};
/* End XCBuildConfiguration section */

/* Begin XCConfigurationList section */
		C371C6341AFEEBD6008FA88C /* Build configuration list for PBXProject "MuscleTrack" */ = {
			isa = XCConfigurationList;
			buildConfigurations = (
				C371C65A1AFEEBD7008FA88C /* Debug */,
				C371C65B1AFEEBD7008FA88C /* Release */,
			);
			defaultConfigurationIsVisible = 0;
			defaultConfigurationName = Release;
		};
		C371C65C1AFEEBD7008FA88C /* Build configuration list for PBXNativeTarget "MuscleTrack" */ = {
			isa = XCConfigurationList;
			buildConfigurations = (
				C371C65D1AFEEBD7008FA88C /* Debug */,
				C371C65E1AFEEBD7008FA88C /* Release */,
			);
			defaultConfigurationIsVisible = 0;
		};
		C371C65F1AFEEBD7008FA88C /* Build configuration list for PBXNativeTarget "MuscleTrackTests" */ = {
			isa = XCConfigurationList;
			buildConfigurations = (
				C371C6601AFEEBD7008FA88C /* Debug */,
				C371C6611AFEEBD7008FA88C /* Release */,
			);
			defaultConfigurationIsVisible = 0;
		};
/* End XCConfigurationList section */
	};
	rootObject = C371C6311AFEEBD6008FA88C /* Project object */;
}
